
Microsoft Visual Studio Solution File, Format Version 12.00
# Visual Studio Version 16
VisualStudioVersion = 16.0.33130.400
MinimumVisualStudioVersion = 10.0.40219.1
Project("{FAE04EC0-301F-11D3-BF4B-00C04F79EFBC}") = "liananeshariit", "liananeshariit\liananeshariit.csproj", "{13FF4EB9-FED8-4EE8-9A16-3BC6B6E8D095}"
EndProject
Global
	GlobalSection(SolutionConfigurationPlatforms) = preSolution
		Debug|Any CPU = Debug|Any CPU
		Release|Any CPU = Release|Any CPU
	EndGlobalSection
	GlobalSection(ProjectConfigurationPlatforms) = postSolution
		{13FF4EB9-FED8-4EE8-9A16-3BC6B6E8D095}.Debug|Any CPU.ActiveCfg = Debug|Any CPU
		{13FF4EB9-FED8-4EE8-9A16-3BC6B6E8D095}.Debug|Any CPU.Build.0 = Debug|Any CPU
		{13FF4EB9-FED8-4EE8-9A16-3BC6B6E8D095}.Release|Any CPU.ActiveCfg = Release|Any CPU
		{13FF4EB9-FED8-4EE8-9A16-3BC6B6E8D095}.Release|Any CPU.Build.0 = Release|Any CPU
	EndGlobalSection
	GlobalSection(SolutionProperties) = preSolution
		HideSolutionNode = FALSE
	EndGlobalSection
	GlobalSection(ExtensibilityGlobals) = postSolution
		SolutionGuid = {32CA7981-E353-479B-9A3C-3ECA0F68A031}
	EndGlobalSection
EndGlobal
